schema: '2.0'
stages:
  get_data:
    cmd: python3 scripts/data.py
    deps:
    - path: scripts/data.py
      hash: md5
      md5: 1505db36f4f507c4414e16cf04d2dde7
      size: 1453
    params:
      params.yaml:
        index_col: customer_id
        retrain: true
    outs:
    - path: data/initial_data.csv
      hash: md5
      md5: 323c05b78a8cf8f73284152ee357ad5c
      size: 826308
  fit_model:
    cmd: python3 scripts/fit.py
    deps:
    - path: data/initial_data.csv
      hash: md5
      md5: 323c05b78a8cf8f73284152ee357ad5c
      size: 826308
    - path: scripts/fit.py
      hash: md5
      md5: ceb00cbf1ab024c879fe0b89d039114a
      size: 1568
    params:
      params.yaml:
        auto_class_weights: Balanced
        index_col: customer_id
        one_hot_drop: if_binary
        retrain: true
        target_col: target
    outs:
    - path: models/fitted_model.pkl
      hash: md5
      md5: 0aa0a69ed969cd3118b284c8f1ada4bc
      size: 1101194
  evaluate_model:
    cmd: python3 scripts/evaluate.py
    deps:
    - path: models/fitted_model.pkl
      hash: md5
      md5: 0aa0a69ed969cd3118b284c8f1ada4bc
      size: 1101194
    - path: scripts/evaluate.py
      hash: md5
      md5: 0e0524e57f3daf6d2c12d732741d4d02
      size: 1464
    params:
      params.yaml:
        index_col: customer_id
        metrics:
        - f1
        - roc_auc
        n_jobs: -1
        n_splits: 5
        retrain: true
        target_col: target
    outs:
    - path: cv_results/cv_res.json
      hash: md5
      md5: 9a646f3f288aba197c970330d0bb7873
      size: 75
