schema: '2.0'
stages:
  get_data:
    cmd: python3 scripts/data.py
    deps:
    - path: scripts/data.py
      hash: md5
      md5: 1505db36f4f507c4414e16cf04d2dde7
      size: 1453
    params:
      params.yaml:
        index_col: customer_id
        retrain: true
    outs:
    - path: data/initial_data.csv
      hash: md5
      md5: 323c05b78a8cf8f73284152ee357ad5c
      size: 826308
  evaluate_model:
    cmd: python3 scripts/evaluate.py
    deps:
    - path: models/fitted_model.pkl
      hash: md5
      md5: 20dfaaabade31b3eecfb2e52f0bd57ae
      size: 11006
    - path: scripts/evaluate.py
      hash: md5
      md5: 0e0524e57f3daf6d2c12d732741d4d02
      size: 1464
    params:
      params.yaml:
        index_col: customer_id
        metrics:
        - f1
        - roc_auc
        n_jobs: -1
        n_splits: 5
        retrain: true
        target_col: target
    outs:
    - path: cv_results/cv_res.json
      hash: md5
      md5: 1ed32798c696d06325360a62e68ec894
      size: 74
